// !$*UTF8*$!
{
	archiveVersion = 1;
	classes = {
	};
	objectVersion = 50;
	objects = {

/* Begin PBXBuildFile section */
		804FB28E26B9F5BF00C8897A /* AppDelegate.swift in Sources */ = {isa = PBXBuildFile; fileRef = 804FB28D26B9F5BF00C8897A /* AppDelegate.swift */; };
		804FB29026B9F5BF00C8897A /* SceneDelegate.swift in Sources */ = {isa = PBXBuildFile; fileRef = 804FB28F26B9F5BF00C8897A /* SceneDelegate.swift */; };
		804FB29226B9F5BF00C8897A /* ViewController.swift in Sources */ = {isa = PBXBuildFile; fileRef = 804FB29126B9F5BF00C8897A /* ViewController.swift */; };
		804FB29526B9F5BF00C8897A /* Main.storyboard in Resources */ = {isa = PBXBuildFile; fileRef = 804FB29326B9F5BF00C8897A /* Main.storyboard */; };
		804FB29726B9F5C100C8897A /* Assets.xcassets in Resources */ = {isa = PBXBuildFile; fileRef = 804FB29626B9F5C100C8897A /* Assets.xcassets */; };
		804FB29A26B9F5C100C8897A /* LaunchScreen.storyboard in Resources */ = {isa = PBXBuildFile; fileRef = 804FB29826B9F5C100C8897A /* LaunchScreen.storyboard */; };
		804FB2A526B9F5C200C8897A /* NASA_AppTests.swift in Sources */ = {isa = PBXBuildFile; fileRef = 804FB2A426B9F5C200C8897A /* NASA_AppTests.swift */; };
		804FB2B026B9F5C200C8897A /* NASA_AppUITests.swift in Sources */ = {isa = PBXBuildFile; fileRef = 804FB2AF26B9F5C200C8897A /* NASA_AppUITests.swift */; };
/* End PBXBuildFile section */

/* Begin PBXContainerItemProxy section */
		804FB2A126B9F5C200C8897A /* PBXContainerItemProxy */ = {
			isa = PBXContainerItemProxy;
			containerPortal = 804FB28226B9F5BF00C8897A /* Project object */;
			proxyType = 1;
			remoteGlobalIDString = 804FB28926B9F5BF00C8897A;
			remoteInfo = "NASA-App";
		};
		804FB2AC26B9F5C200C8897A /* PBXContainerItemProxy */ = {
			isa = PBXContainerItemProxy;
			containerPortal = 804FB28226B9F5BF00C8897A /* Project object */;
			proxyType = 1;
			remoteGlobalIDString = 804FB28926B9F5BF00C8897A;
			remoteInfo = "NASA-App";
		};
/* End PBXContainerItemProxy section */

/* Begin PBXFileReference section */
		804FB28A26B9F5BF00C8897A /* NASA-App.app */ = {isa = PBXFileReference; explicitFileType = wrapper.application; includeInIndex = 0; path = "NASA-App.app"; sourceTree = BUILT_PRODUCTS_DIR; };
		804FB28D26B9F5BF00C8897A /* AppDelegate.swift */ = {isa = PBXFileReference; lastKnownFileType = sourcecode.swift; path = AppDelegate.swift; sourceTree = "<group>"; };
		804FB28F26B9F5BF00C8897A /* SceneDelegate.swift */ = {isa = PBXFileReference; lastKnownFileType = sourcecode.swift; path = SceneDelegate.swift; sourceTree = "<group>"; };
		804FB29126B9F5BF00C8897A /* ViewController.swift */ = {isa = PBXFileReference; lastKnownFileType = sourcecode.swift; path = ViewController.swift; sourceTree = "<group>"; };
		804FB29426B9F5BF00C8897A /* Base */ = {isa = PBXFileReference; lastKnownFileType = file.storyboard; name = Base; path = Base.lproj/Main.storyboard; sourceTree = "<group>"; };
		804FB29626B9F5C100C8897A /* Assets.xcassets */ = {isa = PBXFileReference; lastKnownFileType = folder.assetcatalog; path = Assets.xcassets; sourceTree = "<group>"; };
		804FB29926B9F5C100C8897A /* Base */ = {isa = PBXFileReference; lastKnownFileType = file.storyboard; name = Base; path = Base.lproj/LaunchScreen.storyboard; sourceTree = "<group>"; };
		804FB29B26B9F5C100C8897A /* Info.plist */ = {isa = PBXFileReference; lastKnownFileType = text.plist.xml; path = Info.plist; sourceTree = "<group>"; };
		804FB2A026B9F5C200C8897A /* NASA-AppTests.xctest */ = {isa = PBXFileReference; explicitFileType = wrapper.cfbundle; includeInIndex = 0; path = "NASA-AppTests.xctest"; sourceTree = BUILT_PRODUCTS_DIR; };
		804FB2A426B9F5C200C8897A /* NASA_AppTests.swift */ = {isa = PBXFileReference; lastKnownFileType = sourcecode.swift; path = NASA_AppTests.swift; sourceTree = "<group>"; };
		804FB2A626B9F5C200C8897A /* Info.plist */ = {isa = PBXFileReference; lastKnownFileType = text.plist.xml; path = Info.plist; sourceTree = "<group>"; };
		804FB2AB26B9F5C200C8897A /* NASA-AppUITests.xctest */ = {isa = PBXFileReference; explicitFileType = wrapper.cfbundle; includeInIndex = 0; path = "NASA-AppUITests.xctest"; sourceTree = BUILT_PRODUCTS_DIR; };
		804FB2AF26B9F5C200C8897A /* NASA_AppUITests.swift */ = {isa = PBXFileReference; lastKnownFileType = sourcecode.swift; path = NASA_AppUITests.swift; sourceTree = "<group>"; };
		804FB2B126B9F5C200C8897A /* Info.plist */ = {isa = PBXFileReference; lastKnownFileType = text.plist.xml; path = Info.plist; sourceTree = "<group>"; };
/* End PBXFileReference section */

/* Begin PBXFrameworksBuildPhase section */
		804FB28726B9F5BF00C8897A /* Frameworks */ = {
			isa = PBXFrameworksBuildPhase;
			buildActionMask = 2147483647;
			files = (
			);
			runOnlyForDeploymentPostprocessing = 0;
		};
		804FB29D26B9F5C200C8897A /* Frameworks */ = {
			isa = PBXFrameworksBuildPhase;
			buildActionMask = 2147483647;
			files = (
			);
			runOnlyForDeploymentPostprocessing = 0;
		};
		804FB2A826B9F5C200C8897A /* Frameworks */ = {
			isa = PBXFrameworksBuildPhase;
			buildActionMask = 2147483647;
			files = (
			);
			runOnlyForDeploymentPostprocessing = 0;
		};
/* End PBXFrameworksBuildPhase section */

/* Begin PBXGroup section */
		804FB28126B9F5BF00C8897A = {
			isa = PBXGroup;
			children = (
				804FB28C26B9F5BF00C8897A /* NASA-App */,
				804FB2A326B9F5C200C8897A /* NASA-AppTests */,
				804FB2AE26B9F5C200C8897A /* NASA-AppUITests */,
				804FB28B26B9F5BF00C8897A /* Products */,
			);
			sourceTree = "<group>";
		};
		804FB28B26B9F5BF00C8897A /* Products */ = {
			isa = PBXGroup;
			children = (
				804FB28A26B9F5BF00C8897A /* NASA-App.app */,
				804FB2A026B9F5C200C8897A /* NASA-AppTests.xctest */,
				804FB2AB26B9F5C200C8897A /* NASA-AppUITests.xctest */,
			);
			name = Products;
			sourceTree = "<group>";
		};
		804FB28C26B9F5BF00C8897A /* NASA-App */ = {
			isa = PBXGroup;
			children = (
				804FB28D26B9F5BF00C8897A /* AppDelegate.swift */,
				804FB28F26B9F5BF00C8897A /* SceneDelegate.swift */,
				804FB29126B9F5BF00C8897A /* ViewController.swift */,
				804FB29326B9F5BF00C8897A /* Main.storyboard */,
				804FB29626B9F5C100C8897A /* Assets.xcassets */,
				804FB29826B9F5C100C8897A /* LaunchScreen.storyboard */,
				804FB29B26B9F5C100C8897A /* Info.plist */,
			);
			path = "NASA-App";
			sourceTree = "<group>";
		};
		804FB2A326B9F5C200C8897A /* NASA-AppTests */ = {
			isa = PBXGroup;
			children = (
				804FB2A426B9F5C200C8897A /* NASA_AppTests.swift */,
				804FB2A626B9F5C200C8897A /* Info.plist */,
			);
			path = "NASA-AppTests";
			sourceTree = "<group>";
		};
		804FB2AE26B9F5C200C8897A /* NASA-AppUITests */ = {
			isa = PBXGroup;
			children = (
				804FB2AF26B9F5C200C8897A /* NASA_AppUITests.swift */,
				804FB2B126B9F5C200C8897A /* Info.plist */,
			);
			path = "NASA-AppUITests";
			sourceTree = "<group>";
		};
/* End PBXGroup section */

/* Begin PBXNativeTarget section */
		804FB28926B9F5BF00C8897A /* NASA-App */ = {
			isa = PBXNativeTarget;
			buildConfigurationList = 804FB2B426B9F5C200C8897A /* Build configuration list for PBXNativeTarget "NASA-App" */;
			buildPhases = (
				804FB28626B9F5BF00C8897A /* Sources */,
				804FB28726B9F5BF00C8897A /* Frameworks */,
				804FB28826B9F5BF00C8897A /* Resources */,
			);
			buildRules = (
			);
			dependencies = (
			);
			name = "NASA-App";
			productName = "NASA-App";
			productReference = 804FB28A26B9F5BF00C8897A /* NASA-App.app */;
			productType = "com.apple.product-type.application";
		};
		804FB29F26B9F5C200C8897A /* NASA-AppTests */ = {
			isa = PBXNativeTarget;
			buildConfigurationList = 804FB2B726B9F5C200C8897A /* Build configuration list for PBXNativeTarget "NASA-AppTests" */;
			buildPhases = (
				804FB29C26B9F5C200C8897A /* Sources */,
				804FB29D26B9F5C200C8897A /* Frameworks */,
				804FB29E26B9F5C200C8897A /* Resources */,
			);
			buildRules = (
			);
			dependencies = (
				804FB2A226B9F5C200C8897A /* PBXTargetDependency */,
			);
			name = "NASA-AppTests";
			productName = "NASA-AppTests";
			productReference = 804FB2A026B9F5C200C8897A /* NASA-AppTests.xctest */;
			productType = "com.apple.product-type.bundle.unit-test";
		};
		804FB2AA26B9F5C200C8897A /* NASA-AppUITests */ = {
			isa = PBXNativeTarget;
			buildConfigurationList = 804FB2BA26B9F5C200C8897A /* Build configuration list for PBXNativeTarget "NASA-AppUITests" */;
			buildPhases = (
				804FB2A726B9F5C200C8897A /* Sources */,
				804FB2A826B9F5C200C8897A /* Frameworks */,
				804FB2A926B9F5C200C8897A /* Resources */,
			);
			buildRules = (
			);
			dependencies = (
				804FB2AD26B9F5C200C8897A /* PBXTargetDependency */,
			);
			name = "NASA-AppUITests";
			productName = "NASA-AppUITests";
			productReference = 804FB2AB26B9F5C200C8897A /* NASA-AppUITests.xctest */;
			productType = "com.apple.product-type.bundle.ui-testing";
		};
/* End PBXNativeTarget section */

/* Begin PBXProject section */
		804FB28226B9F5BF00C8897A /* Project object */ = {
			isa = PBXProject;
			attributes = {
				LastSwiftUpdateCheck = 1240;
				LastUpgradeCheck = 1240;
				TargetAttributes = {
					804FB28926B9F5BF00C8897A = {
						CreatedOnToolsVersion = 12.4;
					};
					804FB29F26B9F5C200C8897A = {
						CreatedOnToolsVersion = 12.4;
						TestTargetID = 804FB28926B9F5BF00C8897A;
					};
					804FB2AA26B9F5C200C8897A = {
						CreatedOnToolsVersion = 12.4;
						TestTargetID = 804FB28926B9F5BF00C8897A;
					};
				};
			};
			buildConfigurationList = 804FB28526B9F5BF00C8897A /* Build configuration list for PBXProject "NASA-App" */;
			compatibilityVersion = "Xcode 9.3";
			developmentRegion = en;
			hasScannedForEncodings = 0;
			knownRegions = (
				en,
				Base,
			);
			mainGroup = 804FB28126B9F5BF00C8897A;
			productRefGroup = 804FB28B26B9F5BF00C8897A /* Products */;
			projectDirPath = "";
			projectRoot = "";
			targets = (
				804FB28926B9F5BF00C8897A /* NASA-App */,
				804FB29F26B9F5C200C8897A /* NASA-AppTests */,
				804FB2AA26B9F5C200C8897A /* NASA-AppUITests */,
			);
		};
/* End PBXProject section */

/* Begin PBXResourcesBuildPhase section */
		804FB28826B9F5BF00C8897A /* Resources */ = {
			isa = PBXResourcesBuildPhase;
			buildActionMask = 2147483647;
			files = (
				804FB29A26B9F5C100C8897A /* LaunchScreen.storyboard in Resources */,
				804FB29726B9F5C100C8897A /* Assets.xcassets in Resources */,
				804FB29526B9F5BF00C8897A /* Main.storyboard in Resources */,
			);
			runOnlyForDeploymentPostprocessing = 0;
		};
		804FB29E26B9F5C200C8897A /* Resources */ = {
			isa = PBXResourcesBuildPhase;
			buildActionMask = 2147483647;
			files = (
			);
			runOnlyForDeploymentPostprocessing = 0;
		};
		804FB2A926B9F5C200C8897A /* Resources */ = {
			isa = PBXResourcesBuildPhase;
			buildActionMask = 2147483647;
			files = (
			);
			runOnlyForDeploymentPostprocessing = 0;
		};
/* End PBXResourcesBuildPhase section */

/* Begin PBXSourcesBuildPhase section */
		804FB28626B9F5BF00C8897A /* Sources */ = {
			isa = PBXSourcesBuildPhase;
			buildActionMask = 2147483647;
			files = (
				804FB29226B9F5BF00C8897A /* ViewController.swift in Sources */,
				804FB28E26B9F5BF00C8897A /* AppDelegate.swift in Sources */,
				804FB29026B9F5BF00C8897A /* SceneDelegate.swift in Sources */,
			);
			runOnlyForDeploymentPostprocessing = 0;
		};
		804FB29C26B9F5C200C8897A /* Sources */ = {
			isa = PBXSourcesBuildPhase;
			buildActionMask = 2147483647;
			files = (
				804FB2A526B9F5C200C8897A /* NASA_AppTests.swift in Sources */,
			);
			runOnlyForDeploymentPostprocessing = 0;
		};
		804FB2A726B9F5C200C8897A /* Sources */ = {
			isa = PBXSourcesBuildPhase;
			buildActionMask = 2147483647;
			files = (
				804FB2B026B9F5C200C8897A /* NASA_AppUITests.swift in Sources */,
			);
			runOnlyForDeploymentPostprocessing = 0;
		};
/* End PBXSourcesBuildPhase section */

/* Begin PBXTargetDependency section */
		804FB2A226B9F5C200C8897A /* PBXTargetDependency */ = {
			isa = PBXTargetDependency;
			target = 804FB28926B9F5BF00C8897A /* NASA-App */;
			targetProxy = 804FB2A126B9F5C200C8897A /* PBXContainerItemProxy */;
		};
		804FB2AD26B9F5C200C8897A /* PBXTargetDependency */ = {
			isa = PBXTargetDependency;
			target = 804FB28926B9F5BF00C8897A /* NASA-App */;
			targetProxy = 804FB2AC26B9F5C200C8897A /* PBXContainerItemProxy */;
		};
/* End PBXTargetDependency section */

/* Begin PBXVariantGroup section */
		804FB29326B9F5BF00C8897A /* Main.storyboard */ = {
			isa = PBXVariantGroup;
			children = (
				804FB29426B9F5BF00C8897A /* Base */,
			);
			name = Main.storyboard;
			sourceTree = "<group>";
		};
		804FB29826B9F5C100C8897A /* LaunchScreen.storyboard */ = {
			isa = PBXVariantGroup;
			children = (
				804FB29926B9F5C100C8897A /* Base */,
			);
			name = LaunchScreen.storyboard;
			sourceTree = "<group>";
		};
/* End PBXVariantGroup section */

/* Begin XCBuildConfiguration section */
		804FB2B226B9F5C200C8897A /* Debug */ = {
			isa = XCBuildConfiguration;
			buildSettings = {
				ALWAYS_SEARCH_USER_PATHS = NO;
				CLANG_ANALYZER_NONNULL = YES;
				CLANG_ANALYZER_NUMBER_OBJECT_CONVERSION = YES_AGGRESSIVE;
				CLANG_CXX_LANGUAGE_STANDARD = "gnu++14";
				CLANG_CXX_LIBRARY = "libc++";
				CLANG_ENABLE_MODULES = YES;
				CLANG_ENABLE_OBJC_ARC = YES;
				CLANG_ENABLE_OBJC_WEAK = YES;
				CLANG_WARN_BLOCK_CAPTURE_AUTORELEASING = YES;
				CLANG_WARN_BOOL_CONVERSION = YES;
				CLANG_WARN_COMMA = YES;
				CLANG_WARN_CONSTANT_CONVERSION = YES;
				CLANG_WARN_DEPRECATED_OBJC_IMPLEMENTATIONS = YES;
				CLANG_WARN_DIRECT_OBJC_ISA_USAGE = YES_ERROR;
				CLANG_WARN_DOCUMENTATION_COMMENTS = YES;
				CLANG_WARN_EMPTY_BODY = YES;
				CLANG_WARN_ENUM_CONVERSION = YES;
				CLANG_WARN_INFINITE_RECURSION = YES;
				CLANG_WARN_INT_CONVERSION = YES;
				CLANG_WARN_NON_LITERAL_NULL_CONVERSION = YES;
				CLANG_WARN_OBJC_IMPLICIT_RETAIN_SELF = YES;
				CLANG_WARN_OBJC_LITERAL_CONVERSION = YES;
				CLANG_WARN_OBJC_ROOT_CLASS = YES_ERROR;
				CLANG_WARN_QUOTED_INCLUDE_IN_FRAMEWORK_HEADER = YES;
				CLANG_WARN_RANGE_LOOP_ANALYSIS = YES;
				CLANG_WARN_STRICT_PROTOTYPES = YES;
				CLANG_WARN_SUSPICIOUS_MOVE = YES;
				CLANG_WARN_UNGUARDED_AVAILABILITY = YES_AGGRESSIVE;
				CLANG_WARN_UNREACHABLE_CODE = YES;
				CLANG_WARN__DUPLICATE_METHOD_MATCH = YES;
				COPY_PHASE_STRIP = NO;
				DEBUG_INFORMATION_FORMAT = dwarf;
				ENABLE_STRICT_OBJC_MSGSEND = YES;
				ENABLE_TESTABILITY = YES;
				GCC_C_LANGUAGE_STANDARD = gnu11;
				GCC_DYNAMIC_NO_PIC = NO;
				GCC_NO_COMMON_BLOCKS = YES;
				GCC_OPTIMIZATION_LEVEL = 0;
				GCC_PREPROCESSOR_DEFINITIONS = (
					"DEBUG=1",
					"$(inherited)",
				);
				GCC_WARN_64_TO_32_BIT_CONVERSION = YES;
				GCC_WARN_ABOUT_RETURN_TYPE = YES_ERROR;
				GCC_WARN_UNDECLARED_SELECTOR = YES;
				GCC_WARN_UNINITIALIZED_AUTOS = YES_AGGRESSIVE;
				GCC_WARN_UNUSED_FUNCTION = YES;
				GCC_WARN_UNUSED_VARIABLE = YES;
				IPHONEOS_DEPLOYMENT_TARGET = 14.4;
				MTL_ENABLE_DEBUG_INFO = INCLUDE_SOURCE;
				MTL_FAST_MATH = YES;
				ONLY_ACTIVE_ARCH = YES;
				SDKROOT = iphoneos;
				SWIFT_ACTIVE_COMPILATION_CONDITIONS = DEBUG;
				SWIFT_OPTIMIZATION_LEVEL = "-Onone";
			};
			name = Debug;
		};
		804FB2B326B9F5C200C8897A /* Release */ = {
			isa = XCBuildConfiguration;
			buildSettings = {
				ALWAYS_SEARCH_USER_PATHS = NO;
				CLANG_ANALYZER_NONNULL = YES;
				CLANG_ANALYZER_NUMBER_OBJECT_CONVERSION = YES_AGGRESSIVE;
				CLANG_CXX_LANGUAGE_STANDARD = "gnu++14";
				CLANG_CXX_LIBRARY = "libc++";
				CLANG_ENABLE_MODULES = YES;
				CLANG_ENABLE_OBJC_ARC = YES;
				CLANG_ENABLE_OBJC_WEAK = YES;
				CLANG_WARN_BLOCK_CAPTURE_AUTORELEASING = YES;
				CLANG_WARN_BOOL_CONVERSION = YES;
				CLANG_WARN_COMMA = YES;
				CLANG_WARN_CONSTANT_CONVERSION = YES;
				CLANG_WARN_DEPRECATED_OBJC_IMPLEMENTATIONS = YES;
				CLANG_WARN_DIRECT_OBJC_ISA_USAGE = YES_ERROR;
				CLANG_WARN_DOCUMENTATION_COMMENTS = YES;
				CLANG_WARN_EMPTY_BODY = YES;
				CLANG_WARN_ENUM_CONVERSION = YES;
				CLANG_WARN_INFINITE_RECURSION = YES;
				CLANG_WARN_INT_CONVERSION = YES;
				CLANG_WARN_NON_LITERAL_NULL_CONVERSION = YES;
				CLANG_WARN_OBJC_IMPLICIT_RETAIN_SELF = YES;
				CLANG_WARN_OBJC_LITERAL_CONVERSION = YES;
				CLANG_WARN_OBJC_ROOT_CLASS = YES_ERROR;
				CLANG_WARN_QUOTED_INCLUDE_IN_FRAMEWORK_HEADER = YES;
				CLANG_WARN_RANGE_LOOP_ANALYSIS = YES;
				CLANG_WARN_STRICT_PROTOTYPES = YES;
				CLANG_WARN_SUSPICIOUS_MOVE = YES;
				CLANG_WARN_UNGUARDED_AVAILABILITY = YES_AGGRESSIVE;
				CLANG_WARN_UNREACHABLE_CODE = YES;
				CLANG_WARN__DUPLICATE_METHOD_MATCH = YES;
				COPY_PHASE_STRIP = NO;
				DEBUG_INFORMATION_FORMAT = "dwarf-with-dsym";
				ENABLE_NS_ASSERTIONS = NO;
				ENABLE_STRICT_OBJC_MSGSEND = YES;
				GCC_C_LANGUAGE_STANDARD = gnu11;
				GCC_NO_COMMON_BLOCKS = YES;
				GCC_WARN_64_TO_32_BIT_CONVERSION = YES;
				GCC_WARN_ABOUT_RETURN_TYPE = YES_ERROR;
				GCC_WARN_UNDECLARED_SELECTOR = YES;
				GCC_WARN_UNINITIALIZED_AUTOS = YES_AGGRESSIVE;
				GCC_WARN_UNUSED_FUNCTION = YES;
				GCC_WARN_UNUSED_VARIABLE = YES;
				IPHONEOS_DEPLOYMENT_TARGET = 14.4;
				MTL_ENABLE_DEBUG_INFO = NO;
				MTL_FAST_MATH = YES;
				SDKROOT = iphoneos;
				SWIFT_COMPILATION_MODE = wholemodule;
				SWIFT_OPTIMIZATION_LEVEL = "-O";
				VALIDATE_PRODUCT = YES;
			};
			name = Release;
		};
		804FB2B526B9F5C200C8897A /* Debug */ = {
			isa = XCBuildConfiguration;
			buildSettings = {
				ASSETCATALOG_COMPILER_APPICON_NAME = AppIcon;
				ASSETCATALOG_COMPILER_GLOBAL_ACCENT_COLOR_NAME = AccentColor;
				CODE_SIGN_STYLE = Automatic;
				DEVELOPMENT_TEAM = P547T297G7;
				INFOPLIST_FILE = "NASA-App/Info.plist";
				LD_RUNPATH_SEARCH_PATHS = (
					"$(inherited)",
					"@executable_path/Frameworks",
				);
				PRODUCT_BUNDLE_IDENTIFIER = "com.MaitreeBain.NASA-App";
				PRODUCT_NAME = "$(TARGET_NAME)";
				SWIFT_VERSION = 5.0;
				TARGETED_DEVICE_FAMILY = "1,2";
			};
			name = Debug;
		};
		804FB2B626B9F5C200C8897A /* Release */ = {
			isa = XCBuildConfiguration;
			buildSettings = {
				ASSETCATALOG_COMPILER_APPICON_NAME = AppIcon;
				ASSETCATALOG_COMPILER_GLOBAL_ACCENT_COLOR_NAME = AccentColor;
				CODE_SIGN_STYLE = Automatic;
				DEVELOPMENT_TEAM = P547T297G7;
				INFOPLIST_FILE = "NASA-App/Info.plist";
				LD_RUNPATH_SEARCH_PATHS = (
					"$(inherited)",
					"@executable_path/Frameworks",
				);
				PRODUCT_BUNDLE_IDENTIFIER = "com.MaitreeBain.NASA-App";
				PRODUCT_NAME = "$(TARGET_NAME)";
				SWIFT_VERSION = 5.0;
				TARGETED_DEVICE_FAMILY = "1,2";
			};
			name = Release;
		};
		804FB2B826B9F5C200C8897A /* Debug */ = {
			isa = XCBuildConfiguration;
			buildSettings = {
				ALWAYS_EMBED_SWIFT_STANDARD_LIBRARIES = YES;
				BUNDLE_LOADER = "$(TEST_HOST)";
				CODE_SIGN_STYLE = Automatic;
				DEVELOPMENT_TEAM = P547T297G7;
				INFOPLIST_FILE = "NASA-AppTests/Info.plist";
				IPHONEOS_DEPLOYMENT_TARGET = 14.4;
				LD_RUNPATH_SEARCH_PATHS = (
					"$(inherited)",
					"@executable_path/Frameworks",
					"@loader_path/Frameworks",
				);
				PRODUCT_BUNDLE_IDENTIFIER = "com.MaitreeBain.NASA-AppTests";
				PRODUCT_NAME = "$(TARGET_NAME)";
				SWIFT_VERSION = 5.0;
				TARGETED_DEVICE_FAMILY = "1,2";
				TEST_HOST = "$(BUILT_PRODUCTS_DIR)/NASA-App.app/NASA-App";
			};
			name = Debug;
		};
		804FB2B926B9F5C200C8897A /* Release */ = {
			isa = XCBuildConfiguration;
			buildSettings = {
				ALWAYS_EMBED_SWIFT_STANDARD_LIBRARIES = YES;
				BUNDLE_LOADER = "$(TEST_HOST)";
				CODE_SIGN_STYLE = Automatic;
				DEVELOPMENT_TEAM = P547T297G7;
				INFOPLIST_FILE = "NASA-AppTests/Info.plist";
				IPHONEOS_DEPLOYMENT_TARGET = 14.4;
				LD_RUNPATH_SEARCH_PATHS = (
					"$(inherited)",
					"@executable_path/Frameworks",
					"@loader_path/Frameworks",
				);
				PRODUCT_BUNDLE_IDENTIFIER = "com.MaitreeBain.NASA-AppTests";
				PRODUCT_NAME = "$(TARGET_NAME)";
				SWIFT_VERSION = 5.0;
				TARGETED_DEVICE_FAMILY = "1,2";
				TEST_HOST = "$(BUILT_PRODUCTS_DIR)/NASA-App.app/NASA-App";
			};
			name = Release;
		};
		804FB2BB26B9F5C200C8897A /* Debug */ = {
			isa = XCBuildConfiguration;
			buildSettings = {
				ALWAYS_EMBED_SWIFT_STANDARD_LIBRARIES = YES;
				CODE_SIGN_STYLE = Automatic;
				DEVELOPMENT_TEAM = P547T297G7;
				INFOPLIST_FILE = "NASA-AppUITests/Info.plist";
				LD_RUNPATH_SEARCH_PATHS = (
					"$(inherited)",
					"@executable_path/Frameworks",
					"@loader_path/Frameworks",
				);
				PRODUCT_BUNDLE_IDENTIFIER = "com.MaitreeBain.NASA-AppUITests";
				PRODUCT_NAME = "$(TARGET_NAME)";
				SWIFT_VERSION = 5.0;
				TARGETED_DEVICE_FAMILY = "1,2";
				TEST_TARGET_NAME = "NASA-App";
			};
			name = Debug;
		};
		804FB2BC26B9F5C200C8897A /* Release */ = {
			isa = XCBuildConfiguration;
			buildSettings = {
				ALWAYS_EMBED_SWIFT_STANDARD_LIBRARIES = YES;
				CODE_SIGN_STYLE = Automatic;
				DEVELOPMENT_TEAM = P547T297G7;
				INFOPLIST_FILE = "NASA-AppUITests/Info.plist";
				LD_RUNPATH_SEARCH_PATHS = (
					"$(inherited)",
					"@executable_path/Frameworks",
					"@loader_path/Frameworks",
				);
				PRODUCT_BUNDLE_IDENTIFIER = "com.MaitreeBain.NASA-AppUITests";
				PRODUCT_NAME = "$(TARGET_NAME)";
				SWIFT_VERSION = 5.0;
				TARGETED_DEVICE_FAMILY = "1,2";
				TEST_TARGET_NAME = "NASA-App";
			};
			name = Release;
		};
/* End XCBuildConfiguration section */

/* Begin XCConfigurationList section */
		804FB28526B9F5BF00C8897A /* Build configuration list for PBXProject "NASA-App" */ = {
			isa = XCConfigurationList;
			buildConfigurations = (
				804FB2B226B9F5C200C8897A /* Debug */,
				804FB2B326B9F5C200C8897A /* Release */,
			);
			defaultConfigurationIsVisible = 0;
			defaultConfigurationName = Release;
		};
		804FB2B426B9F5C200C8897A /* Build configuration list for PBXNativeTarget "NASA-App" */ = {
			isa = XCConfigurationList;
			buildConfigurations = (
				804FB2B526B9F5C200C8897A /* Debug */,
				804FB2B626B9F5C200C8897A /* Release */,
			);
			defaultConfigurationIsVisible = 0;
			defaultConfigurationName = Release;
		};
		804FB2B726B9F5C200C8897A /* Build configuration list for PBXNativeTarget "NASA-AppTests" */ = {
			isa = XCConfigurationList;
			buildConfigurations = (
				804FB2B826B9F5C200C8897A /* Debug */,
				804FB2B926B9F5C200C8897A /* Release */,
			);
			defaultConfigurationIsVisible = 0;
			defaultConfigurationName = Release;
		};
		804FB2BA26B9F5C200C8897A /* Build configuration list for PBXNativeTarget "NASA-AppUITests" */ = {
			isa = XCConfigurationList;
			buildConfigurations = (
				804FB2BB26B9F5C200C8897A /* Debug */,
				804FB2BC26B9F5C200C8897A /* Release */,
			);
			defaultConfigurationIsVisible = 0;
			defaultConfigurationName = Release;
		};
/* End XCConfigurationList section */
	};
	rootObject = 804FB28226B9F5BF00C8897A /* Project object */;
}
